
Microsoft Visual Studio Solution File, Format Version 12.00
# Visual Studio Version 16
VisualStudioVersion = 16.0.30204.135
MinimumVisualStudioVersion = 10.0.40219.1
Project("{FAE04EC0-301F-11D3-BF4B-00C04F79EFBC}") = "InStock", "InStock\InStock.csproj", "{28B01343-7CB7-4461-B0BE-28EB56E4528D}"
EndProject
Project("{FAE04EC0-301F-11D3-BF4B-00C04F79EFBC}") = "InStock.Tests", "InStock.Tests\InStock.Tests.csproj", "{9F17D7F5-21D4-46D1-931D-3D1952E8278D}"
EndProject
Global
	GlobalSection(SolutionConfigurationPlatforms) = preSolution
		Debug|Any CPU = Debug|Any CPU
		Release|Any CPU = Release|Any CPU
	EndGlobalSection
	GlobalSection(ProjectConfigurationPlatforms) = postSolution
		{28B01343-7CB7-4461-B0BE-28EB56E4528D}.Debug|Any CPU.ActiveCfg = Debug|Any CPU
		{28B01343-7CB7-4461-B0BE-28EB56E4528D}.Debug|Any CPU.Build.0 = Debug|Any CPU
		{28B01343-7CB7-4461-B0BE-28EB56E4528D}.Release|Any CPU.ActiveCfg = Release|Any CPU
		{28B01343-7CB7-4461-B0BE-28EB56E4528D}.Release|Any CPU.Build.0 = Release|Any CPU
		{9F17D7F5-21D4-46D1-931D-3D1952E8278D}.Debug|Any CPU.ActiveCfg = Debug|Any CPU
		{9F17D7F5-21D4-46D1-931D-3D1952E8278D}.Debug|Any CPU.Build.0 = Debug|Any CPU
		{9F17D7F5-21D4-46D1-931D-3D1952E8278D}.Release|Any CPU.ActiveCfg = Release|Any CPU
		{9F17D7F5-21D4-46D1-931D-3D1952E8278D}.Release|Any CPU.Build.0 = Release|Any CPU
	EndGlobalSection
	GlobalSection(SolutionProperties) = preSolution
		HideSolutionNode = FALSE
	EndGlobalSection
	GlobalSection(ExtensibilityGlobals) = postSolution
		SolutionGuid = {1A2537EE-0645-44B8-AD22-8687F53E48D3}
	EndGlobalSection
EndGlobal
